
Microsoft Visual Studio Solution File, Format Version 12.00
# Visual Studio Version 17
VisualStudioVersion = 17.9.34622.214
MinimumVisualStudioVersion = 10.0.40219.1
Project("{9A19103F-16F7-4668-BE54-9A1E7A4F7556}") = "EquipmentManager", "EquipmentManager\EquipmentManager.csproj", "{17DDFD2C-4A3D-4A53-9D23-810BED28FDA2}"
EndProject
Project("{9A19103F-16F7-4668-BE54-9A1E7A4F7556}") = "VirtualEquipment", "VirtualEquipment\VirtualEquipment.csproj", "{ACF513B0-38EC-425E-8A4A-C1FEB6E9717C}"
EndProject
Global
	GlobalSection(SolutionConfigurationPlatforms) = preSolution
		Debug|Any CPU = Debug|Any CPU
		Release|Any CPU = Release|Any CPU
	EndGlobalSection
	GlobalSection(ProjectConfigurationPlatforms) = postSolution
		{17DDFD2C-4A3D-4A53-9D23-810BED28FDA2}.Debug|Any CPU.ActiveCfg = Debug|Any CPU
		{17DDFD2C-4A3D-4A53-9D23-810BED28FDA2}.Debug|Any CPU.Build.0 = Debug|Any CPU
		{17DDFD2C-4A3D-4A53-9D23-810BED28FDA2}.Release|Any CPU.ActiveCfg = Release|Any CPU
		{17DDFD2C-4A3D-4A53-9D23-810BED28FDA2}.Release|Any CPU.Build.0 = Release|Any CPU
		{ACF513B0-38EC-425E-8A4A-C1FEB6E9717C}.Debug|Any CPU.ActiveCfg = Debug|Any CPU
		{ACF513B0-38EC-425E-8A4A-C1FEB6E9717C}.Debug|Any CPU.Build.0 = Debug|Any CPU
		{ACF513B0-38EC-425E-8A4A-C1FEB6E9717C}.Release|Any CPU.ActiveCfg = Release|Any CPU
		{ACF513B0-38EC-425E-8A4A-C1FEB6E9717C}.Release|Any CPU.Build.0 = Release|Any CPU
	EndGlobalSection
	GlobalSection(SolutionProperties) = preSolution
		HideSolutionNode = FALSE
	EndGlobalSection
	GlobalSection(ExtensibilityGlobals) = postSolution
		SolutionGuid = {08BB9FBC-CF29-468C-BD75-9086427EDB59}
	EndGlobalSection
EndGlobal
